
Microsoft Visual Studio Solution File, Format Version 12.00
# Visual Studio Version 16
VisualStudioVersion = 16.0.31205.134
MinimumVisualStudioVersion = 10.0.40219.1
Project("{FAE04EC0-301F-11D3-BF4B-00C04F79EFBC}") = "KartEslestirmeOyunu", "KartEslestirmeOyunu\KartEslestirmeOyunu.csproj", "{49F4123D-5448-4A42-A91A-D5C73A2A9433}"
EndProject
Global
	GlobalSection(SolutionConfigurationPlatforms) = preSolution
		Debug|Any CPU = Debug|Any CPU
		Release|Any CPU = Release|Any CPU
	EndGlobalSection
	GlobalSection(ProjectConfigurationPlatforms) = postSolution
		{49F4123D-5448-4A42-A91A-D5C73A2A9433}.Debug|Any CPU.ActiveCfg = Debug|Any CPU
		{49F4123D-5448-4A42-A91A-D5C73A2A9433}.Debug|Any CPU.Build.0 = Debug|Any CPU
		{49F4123D-5448-4A42-A91A-D5C73A2A9433}.Release|Any CPU.ActiveCfg = Release|Any CPU
		{49F4123D-5448-4A42-A91A-D5C73A2A9433}.Release|Any CPU.Build.0 = Release|Any CPU
	EndGlobalSection
	GlobalSection(SolutionProperties) = preSolution
		HideSolutionNode = FALSE
	EndGlobalSection
	GlobalSection(ExtensibilityGlobals) = postSolution
		SolutionGuid = {A61AB314-03B3-4664-9DA2-D280A0012209}
	EndGlobalSection
EndGlobal
